<?xml version="1.0" encoding="utf-8"?>
<Project ToolsVersion="4.0" xmlns="http://schemas.microsoft.com/developer/msbuild/2003">
  <ItemGroup>
    <ClCompile Include="core\log.cpp" />
    <ClCompile Include="engine.cpp" />
    <ClCompile Include="core\runtime_module.cpp" />
    <ClCompile Include="core\timer.cpp" />
    <ClCompile Include="vk\vk_rhi.cpp" />
    <ClCompile Include="vk\impl\vk_device.cpp" />
    <ClCompile Include="vk\impl\vk_instance.cpp" />
    <ClCompile Include="vk\impl\vk_swapchain.cpp" />
    <ClCompile Include="vk\impl\vk_buffer.cpp" />
    <ClCompile Include="vk\impl\vk_cmdbuffer.cpp" />
    <ClCompile Include="vk\impl\vk_image.cpp" />
    <ClCompile Include="vk\impl\vk_descriptor.cpp" />
    <ClCompile Include="renderer\renderer.cpp" />
    <ClCompile Include="asset_system\asset_common.cpp" />
    <ClCompile Include="launch\glfw_window.cpp" />
    <ClCompile Include="core\input.cpp" />
    <ClCompile Include="core\windowData.cpp" />
    <ClCompile Include="renderer\imgui_pass.cpp" />
    <ClCompile Include="renderer\render_scene.cpp" />
    <ClCompile Include="renderer\scene_textures.cpp" />
    <ClCompile Include="scene\scene.cpp" />
    <ClCompile Include="scene\components\transform.cpp" />
    <ClCompile Include="renderer\render_passes\gbuffer_pass.cpp" />
    <ClCompile Include="renderer\render_passes\lighting_pass.cpp" />
    <ClCompile Include="asset_system\asset_texture.cpp" />
    <ClCompile Include="asset_system\asset_system.cpp" />
    <ClCompile Include="vk\impl\vk_sampler.cpp" />
    <ClCompile Include="core\crc.cpp" />
    <ClCompile Include="renderer\render_passes\tonemapper_pass.cpp" />
    <ClCompile Include="renderer\render_passes\pass_interface.cpp" />
    <ClCompile Include="vk\impl\vk_factory.cpp" />
    <ClCompile Include="scene\components\staticmesh_renderer.cpp" />
    <ClCompile Include="renderer\mesh.cpp" />
    <ClCompile Include="renderer\material.cpp" />
    <ClCompile Include="core\job_system.cpp" />
    <ClCompile Include="asset_system\asset_mesh.cpp" />
    <ClCompile Include="shader_compiler\shader_compiler.cpp" />
    <ClCompile Include="shader_compiler\shader_effect.cpp" />
    <ClCompile Include="renderer\mesh\primitive.cpp" />
    <ClCompile Include="renderer\frame_data.cpp" />
    <ClCompile Include="renderer\texture.cpp" />
    <ClCompile Include="scene\components\script_component.cpp" />
    <ClCompile Include="scene\components\sceneview_camera.cpp" />
    <ClCompile Include="renderer\render_passes\shadowDepth_pass.cpp" />
    <ClCompile Include="scene\components\directionalLight.cpp" />
    <ClCompile Include="asset_system\asset_mmd.cpp" />
    <ClCompile Include="vk\impl\vk_fence.cpp" />
    <ClCompile Include="asset_system\texture_compress.cpp" />
  </ItemGroup>
  <ItemGroup>
    <ClInclude Include="core\cvar.h" />
    <ClInclude Include="core\log.h" />
    <ClInclude Include="core\core.h" />
    <ClInclude Include="core\runtime_module.h" />
    <ClInclude Include="engine.h" />
    <ClInclude Include="core\timer.h" />
    <ClInclude Include="core\noncopyable.h" />
    <ClInclude Include="async\book_cpp_concurrency_action.h" />
    <ClInclude Include="vk\vk_rhi.h" />
    <ClInclude Include="core\file_system.h" />
    <ClInclude Include="vk\impl\vk_buffer.h" />
    <ClInclude Include="vk\impl\vk_common.h" />
    <ClInclude Include="vk\impl\vk_device.h" />
    <ClInclude Include="vk\impl\vk_instance.h" />
    <ClInclude Include="vk\impl\vk_swapchain.h" />
    <ClInclude Include="vk\impl\vk_cmdbuffer.h" />
    <ClInclude Include="vk\impl\vk_image.h" />
    <ClInclude Include="vk\impl\vk_descriptor.h" />
    <ClInclude Include="vk\impl\vk_factory.h" />
    <ClInclude Include="vk\impl\vk_sampler.h" />
    <ClInclude Include="vk\impl\vk_shader.h" />
    <ClInclude Include="core\deletion_queue.h" />
    <ClInclude Include="renderer\renderer.h" />
    <ClInclude Include="asset_system\asset_common.h" />
    <ClInclude Include="launch\launch_engine_loop.h" />
    <ClInclude Include="core\input_code.h" />
    <ClInclude Include="core\input.h" />
    <ClInclude Include="core\windowData.h" />
    <ClInclude Include="renderer\imgui_pass.h" />
    <ClInclude Include="renderer\render_scene.h" />
    <ClInclude Include="renderer\scene_textures.h" />
    <ClInclude Include="scene\scene.h" />
    <ClInclude Include="scene\component.h" />
    <ClInclude Include="scene\components\transform.h" />
    <ClInclude Include="scene\scene_node.h" />
    <ClInclude Include="renderer\render_passes\gbuffer_pass.h" />
    <ClInclude Include="renderer\render_passes\lighting_pass.h" />
    <ClInclude Include="asset_system\asset_texture.h" />
    <ClInclude Include="asset_system\asset_system.h" />
    <ClInclude Include="core\crc.h" />
    <ClInclude Include="renderer\render_passes\tonemapper_pass.h" />
    <ClInclude Include="renderer\render_passes\pass_interface.h" />
    <ClInclude Include="scene\components\staticmesh_renderer.h" />
    <ClInclude Include="renderer\mesh.h" />
    <ClInclude Include="renderer\material.h" />
    <ClInclude Include="core\job_system.h" />
    <ClInclude Include="asset_system\asset_mesh.h" />
    <ClInclude Include="shader_compiler\shader_compiler.h" />
    <ClInclude Include="shader_compiler\shader_effect.h" />
    <ClInclude Include="renderer\mesh\primitive.h" />
    <ClInclude Include="renderer\frame_data.h" />
    <ClInclude Include="renderer\texture.h" />
    <ClInclude Include="scene\components\script_component.h" />
    <ClInclude Include="scene\components\camera_component.h" />
    <ClInclude Include="scene\components\sceneview_camera.h" />
    <ClInclude Include="renderer\render_passes\shadowDepth_pass.h" />
    <ClInclude Include="scene\components\directionalLight.h" />
    <ClInclude Include="asset_system\asset_mmd.h" />
    <ClInclude Include="vk\impl\vk_fence.h" />
    <ClInclude Include="asset_system\texture_compress.h" />
  </ItemGroup>
</Project>