<?xml version="1.0" encoding="utf-8"?>
<Project ToolsVersion="4.0" xmlns="http://schemas.microsoft.com/developer/msbuild/2003">
  <ItemGroup>
    <ClCompile Include="main.cpp" />
    <ClCompile Include="editor.cpp" />
    <ClCompile Include="widget\widget.cpp" />
    <ClCompile Include="widget\widget_imgui_demo.cpp" />
    <ClCompile Include="widget\widget_console.cpp" />
  </ItemGroup>
  <ItemGroup>
    <ClInclude Include="editor.h" />
    <ClInclude Include="widget\widget.h" />
    <ClInclude Include="widget\widget_imgui_demo.h" />
    <ClInclude Include="widget\widget_console.h" />
  </ItemGroup>
</Project>